// !$*UTF8*$!
{
	archiveVersion = 1;
	classes = {
	};
	objectVersion = 56;
	objects = {

/* Begin PBXBuildFile section */
		7C2B643BB8E94B4C055059DB /* Pods_ChatApp.framework in Frameworks */ = {isa = PBXBuildFile; fileRef = 065F07DB08132425C60B04E2 /* Pods_ChatApp.framework */; };
		FA4E39692A6D323600FECC9E /* AppDelegate.swift in Sources */ = {isa = PBXBuildFile; fileRef = FA4E39682A6D323600FECC9E /* AppDelegate.swift */; };
		FA4E396B2A6D323600FECC9E /* SceneDelegate.swift in Sources */ = {isa = PBXBuildFile; fileRef = FA4E396A2A6D323600FECC9E /* SceneDelegate.swift */; };
		FA4E396D2A6D323600FECC9E /* ConversationViewController.swift in Sources */ = {isa = PBXBuildFile; fileRef = FA4E396C2A6D323600FECC9E /* ConversationViewController.swift */; };
		FA4E39702A6D323600FECC9E /* Main.storyboard in Resources */ = {isa = PBXBuildFile; fileRef = FA4E396E2A6D323600FECC9E /* Main.storyboard */; };
		FA4E39722A6D323900FECC9E /* Assets.xcassets in Resources */ = {isa = PBXBuildFile; fileRef = FA4E39712A6D323900FECC9E /* Assets.xcassets */; };
		FA4E39752A6D323900FECC9E /* LaunchScreen.storyboard in Resources */ = {isa = PBXBuildFile; fileRef = FA4E39732A6D323900FECC9E /* LaunchScreen.storyboard */; };
		FA4E39822A6D3A3F00FECC9E /* LoginViewController.swift in Sources */ = {isa = PBXBuildFile; fileRef = FA4E39812A6D3A3F00FECC9E /* LoginViewController.swift */; };
		FA4E39842A6D3A7100FECC9E /* SignupViewController.swift in Sources */ = {isa = PBXBuildFile; fileRef = FA4E39832A6D3A7100FECC9E /* SignupViewController.swift */; };
		FA4E398A2A6D3C2500FECC9E /* NewConversationViewController.swift in Sources */ = {isa = PBXBuildFile; fileRef = FA4E39892A6D3C2500FECC9E /* NewConversationViewController.swift */; };
		FA4E398C2A6D3C4E00FECC9E /* ProfileViewController.swift in Sources */ = {isa = PBXBuildFile; fileRef = FA4E398B2A6D3C4E00FECC9E /* ProfileViewController.swift */; };
		FA4E398F2A6E7C0000FECC9E /* Extensions.swift in Sources */ = {isa = PBXBuildFile; fileRef = FA4E398E2A6E7C0000FECC9E /* Extensions.swift */; };
		FA4E39912A6FC21400FECC9E /* GoogleService-Info.plist in Resources */ = {isa = PBXBuildFile; fileRef = FA4E39902A6FC21400FECC9E /* GoogleService-Info.plist */; };
		FA89F6F92A73D1BC00FB4442 /* ConversationCell.swift in Sources */ = {isa = PBXBuildFile; fileRef = FA89F6F82A73D1BC00FB4442 /* ConversationCell.swift */; };
		FA89F6FB2A73D91C00FB4442 /* ConversationViewModel.swift in Sources */ = {isa = PBXBuildFile; fileRef = FA89F6FA2A73D91C00FB4442 /* ConversationViewModel.swift */; };
		FA89F6FD2A73E08F00FB4442 /* ProfileHeader.swift in Sources */ = {isa = PBXBuildFile; fileRef = FA89F6FC2A73E08F00FB4442 /* ProfileHeader.swift */; };
		FA8AEC0B2A70FCFF003EA5B8 /* InputContainerView.swift in Sources */ = {isa = PBXBuildFile; fileRef = FA8AEC0A2A70FCFF003EA5B8 /* InputContainerView.swift */; };
		FA8AEC0D2A710168003EA5B8 /* CustomTextField.swift in Sources */ = {isa = PBXBuildFile; fileRef = FA8AEC0C2A710168003EA5B8 /* CustomTextField.swift */; };
		FA8AEC0F2A7125D3003EA5B8 /* LoginViewModel.swift in Sources */ = {isa = PBXBuildFile; fileRef = FA8AEC0E2A7125D3003EA5B8 /* LoginViewModel.swift */; };
		FA8AEC122A721B2C003EA5B8 /* AuthService.swift in Sources */ = {isa = PBXBuildFile; fileRef = FA8AEC112A721B2C003EA5B8 /* AuthService.swift */; };
		FA8AEC162A72506D003EA5B8 /* UserCell.swift in Sources */ = {isa = PBXBuildFile; fileRef = FA8AEC152A72506D003EA5B8 /* UserCell.swift */; };
		FA8AEC182A7254F6003EA5B8 /* User.swift in Sources */ = {isa = PBXBuildFile; fileRef = FA8AEC172A7254F6003EA5B8 /* User.swift */; };
		FA8AEC1A2A725586003EA5B8 /* Service.swift in Sources */ = {isa = PBXBuildFile; fileRef = FA8AEC192A725586003EA5B8 /* Service.swift */; };
		FA8AEC1C2A72690D003EA5B8 /* ChatController.swift in Sources */ = {isa = PBXBuildFile; fileRef = FA8AEC1B2A72690D003EA5B8 /* ChatController.swift */; };
		FA8AEC1E2A72711F003EA5B8 /* CustomInputAccessoryView.swift in Sources */ = {isa = PBXBuildFile; fileRef = FA8AEC1D2A72711F003EA5B8 /* CustomInputAccessoryView.swift */; };
		FA8AEC202A727F46003EA5B8 /* MessageCell.swift in Sources */ = {isa = PBXBuildFile; fileRef = FA8AEC1F2A727F46003EA5B8 /* MessageCell.swift */; };
		FA8AEC222A728663003EA5B8 /* Message.swift in Sources */ = {isa = PBXBuildFile; fileRef = FA8AEC212A728663003EA5B8 /* Message.swift */; };
		FA8CCCD82A73683000ECB64E /* MessageViewModel.swift in Sources */ = {isa = PBXBuildFile; fileRef = FA8CCCD72A73683000ECB64E /* MessageViewModel.swift */; };
		FA8CCCDA2A73756A00ECB64E /* Constants.swift in Sources */ = {isa = PBXBuildFile; fileRef = FA8CCCD92A73756A00ECB64E /* Constants.swift */; };
/* End PBXBuildFile section */

/* Begin PBXFileReference section */
		065F07DB08132425C60B04E2 /* Pods_ChatApp.framework */ = {isa = PBXFileReference; explicitFileType = wrapper.framework; includeInIndex = 0; path = Pods_ChatApp.framework; sourceTree = BUILT_PRODUCTS_DIR; };
		6DC4D133E93237DB920AC984 /* Pods-ChatApp.release.xcconfig */ = {isa = PBXFileReference; includeInIndex = 1; lastKnownFileType = text.xcconfig; name = "Pods-ChatApp.release.xcconfig"; path = "Target Support Files/Pods-ChatApp/Pods-ChatApp.release.xcconfig"; sourceTree = "<group>"; };
		C5BE70FE6D229CBB19C86F6E /* Pods-ChatApp.debug.xcconfig */ = {isa = PBXFileReference; includeInIndex = 1; lastKnownFileType = text.xcconfig; name = "Pods-ChatApp.debug.xcconfig"; path = "Target Support Files/Pods-ChatApp/Pods-ChatApp.debug.xcconfig"; sourceTree = "<group>"; };
		FA4E39652A6D323600FECC9E /* ChatApp.app */ = {isa = PBXFileReference; explicitFileType = wrapper.application; includeInIndex = 0; path = ChatApp.app; sourceTree = BUILT_PRODUCTS_DIR; };
		FA4E39682A6D323600FECC9E /* AppDelegate.swift */ = {isa = PBXFileReference; lastKnownFileType = sourcecode.swift; path = AppDelegate.swift; sourceTree = "<group>"; };
		FA4E396A2A6D323600FECC9E /* SceneDelegate.swift */ = {isa = PBXFileReference; lastKnownFileType = sourcecode.swift; path = SceneDelegate.swift; sourceTree = "<group>"; };
		FA4E396C2A6D323600FECC9E /* ConversationViewController.swift */ = {isa = PBXFileReference; lastKnownFileType = sourcecode.swift; path = ConversationViewController.swift; sourceTree = "<group>"; };
		FA4E396F2A6D323600FECC9E /* Base */ = {isa = PBXFileReference; lastKnownFileType = file.storyboard; name = Base; path = Base.lproj/Main.storyboard; sourceTree = "<group>"; };
		FA4E39712A6D323900FECC9E /* Assets.xcassets */ = {isa = PBXFileReference; lastKnownFileType = folder.assetcatalog; path = Assets.xcassets; sourceTree = "<group>"; };
		FA4E39742A6D323900FECC9E /* Base */ = {isa = PBXFileReference; lastKnownFileType = file.storyboard; name = Base; path = Base.lproj/LaunchScreen.storyboard; sourceTree = "<group>"; };
		FA4E39762A6D323900FECC9E /* Info.plist */ = {isa = PBXFileReference; lastKnownFileType = text.plist.xml; path = Info.plist; sourceTree = "<group>"; };
		FA4E39812A6D3A3F00FECC9E /* LoginViewController.swift */ = {isa = PBXFileReference; lastKnownFileType = sourcecode.swift; path = LoginViewController.swift; sourceTree = "<group>"; };
		FA4E39832A6D3A7100FECC9E /* SignupViewController.swift */ = {isa = PBXFileReference; lastKnownFileType = sourcecode.swift; path = SignupViewController.swift; sourceTree = "<group>"; };
		FA4E39892A6D3C2500FECC9E /* NewConversationViewController.swift */ = {isa = PBXFileReference; lastKnownFileType = sourcecode.swift; path = NewConversationViewController.swift; sourceTree = "<group>"; };
		FA4E398B2A6D3C4E00FECC9E /* ProfileViewController.swift */ = {isa = PBXFileReference; lastKnownFileType = sourcecode.swift; path = ProfileViewController.swift; sourceTree = "<group>"; };
		FA4E398E2A6E7C0000FECC9E /* Extensions.swift */ = {isa = PBXFileReference; lastKnownFileType = sourcecode.swift; path = Extensions.swift; sourceTree = "<group>"; };
		FA4E39902A6FC21400FECC9E /* GoogleService-Info.plist */ = {isa = PBXFileReference; fileEncoding = 4; lastKnownFileType = text.plist.xml; path = "GoogleService-Info.plist"; sourceTree = "<group>"; };
		FA89F6F82A73D1BC00FB4442 /* ConversationCell.swift */ = {isa = PBXFileReference; lastKnownFileType = sourcecode.swift; path = ConversationCell.swift; sourceTree = "<group>"; };
		FA89F6FA2A73D91C00FB4442 /* ConversationViewModel.swift */ = {isa = PBXFileReference; lastKnownFileType = sourcecode.swift; path = ConversationViewModel.swift; sourceTree = "<group>"; };
		FA89F6FC2A73E08F00FB4442 /* ProfileHeader.swift */ = {isa = PBXFileReference; lastKnownFileType = sourcecode.swift; path = ProfileHeader.swift; sourceTree = "<group>"; };
		FA8AEC0A2A70FCFF003EA5B8 /* InputContainerView.swift */ = {isa = PBXFileReference; lastKnownFileType = sourcecode.swift; path = InputContainerView.swift; sourceTree = "<group>"; };
		FA8AEC0C2A710168003EA5B8 /* CustomTextField.swift */ = {isa = PBXFileReference; lastKnownFileType = sourcecode.swift; path = CustomTextField.swift; sourceTree = "<group>"; };
		FA8AEC0E2A7125D3003EA5B8 /* LoginViewModel.swift */ = {isa = PBXFileReference; lastKnownFileType = sourcecode.swift; path = LoginViewModel.swift; sourceTree = "<group>"; };
		FA8AEC112A721B2C003EA5B8 /* AuthService.swift */ = {isa = PBXFileReference; lastKnownFileType = sourcecode.swift; path = AuthService.swift; sourceTree = "<group>"; };
		FA8AEC152A72506D003EA5B8 /* UserCell.swift */ = {isa = PBXFileReference; lastKnownFileType = sourcecode.swift; path = UserCell.swift; sourceTree = "<group>"; };
		FA8AEC172A7254F6003EA5B8 /* User.swift */ = {isa = PBXFileReference; lastKnownFileType = sourcecode.swift; path = User.swift; sourceTree = "<group>"; };
		FA8AEC192A725586003EA5B8 /* Service.swift */ = {isa = PBXFileReference; lastKnownFileType = sourcecode.swift; path = Service.swift; sourceTree = "<group>"; };
		FA8AEC1B2A72690D003EA5B8 /* ChatController.swift */ = {isa = PBXFileReference; lastKnownFileType = sourcecode.swift; path = ChatController.swift; sourceTree = "<group>"; };
		FA8AEC1D2A72711F003EA5B8 /* CustomInputAccessoryView.swift */ = {isa = PBXFileReference; lastKnownFileType = sourcecode.swift; path = CustomInputAccessoryView.swift; sourceTree = "<group>"; };
		FA8AEC1F2A727F46003EA5B8 /* MessageCell.swift */ = {isa = PBXFileReference; lastKnownFileType = sourcecode.swift; path = MessageCell.swift; sourceTree = "<group>"; };
		FA8AEC212A728663003EA5B8 /* Message.swift */ = {isa = PBXFileReference; lastKnownFileType = sourcecode.swift; path = Message.swift; sourceTree = "<group>"; };
		FA8CCCD72A73683000ECB64E /* MessageViewModel.swift */ = {isa = PBXFileReference; lastKnownFileType = sourcecode.swift; path = MessageViewModel.swift; sourceTree = "<group>"; };
		FA8CCCD92A73756A00ECB64E /* Constants.swift */ = {isa = PBXFileReference; lastKnownFileType = sourcecode.swift; path = Constants.swift; sourceTree = "<group>"; };
/* End PBXFileReference section */

/* Begin PBXFrameworksBuildPhase section */
		FA4E39622A6D323600FECC9E /* Frameworks */ = {
			isa = PBXFrameworksBuildPhase;
			buildActionMask = 2147483647;
			files = (
				7C2B643BB8E94B4C055059DB /* Pods_ChatApp.framework in Frameworks */,
			);
			runOnlyForDeploymentPostprocessing = 0;
		};
/* End PBXFrameworksBuildPhase section */

/* Begin PBXGroup section */
		3A78D9394CC0667ED7E417F9 /* Pods */ = {
			isa = PBXGroup;
			children = (
				C5BE70FE6D229CBB19C86F6E /* Pods-ChatApp.debug.xcconfig */,
				6DC4D133E93237DB920AC984 /* Pods-ChatApp.release.xcconfig */,
			);
			path = Pods;
			sourceTree = "<group>";
		};
		923A96CB8979421BE3A85A28 /* Frameworks */ = {
			isa = PBXGroup;
			children = (
				065F07DB08132425C60B04E2 /* Pods_ChatApp.framework */,
			);
			name = Frameworks;
			sourceTree = "<group>";
		};
		FA4E395C2A6D323600FECC9E = {
			isa = PBXGroup;
			children = (
				FA4E39672A6D323600FECC9E /* ChatApp */,
				FA4E39662A6D323600FECC9E /* Products */,
				3A78D9394CC0667ED7E417F9 /* Pods */,
				923A96CB8979421BE3A85A28 /* Frameworks */,
			);
			sourceTree = "<group>";
		};
		FA4E39662A6D323600FECC9E /* Products */ = {
			isa = PBXGroup;
			children = (
				FA4E39652A6D323600FECC9E /* ChatApp.app */,
			);
			name = Products;
			sourceTree = "<group>";
		};
		FA4E39672A6D323600FECC9E /* ChatApp */ = {
			isa = PBXGroup;
			children = (
				FA8AEC102A721B16003EA5B8 /* API */,
				FA4E39802A6D386F00FECC9E /* Resources */,
				FA4E397F2A6D386100FECC9E /* ViewModels */,
				FA4E397E2A6D385A00FECC9E /* Models */,
				FA4E397D2A6D385300FECC9E /* Views */,
				FA4E397C2A6D384100FECC9E /* Controllers */,
				FA4E39762A6D323900FECC9E /* Info.plist */,
				FA4E39902A6FC21400FECC9E /* GoogleService-Info.plist */,
			);
			path = ChatApp;
			sourceTree = "<group>";
		};
		FA4E397C2A6D384100FECC9E /* Controllers */ = {
			isa = PBXGroup;
			children = (
				FA4E398D2A6E744F00FECC9E /* Login */,
				FA4E39892A6D3C2500FECC9E /* NewConversationViewController.swift */,
				FA4E396C2A6D323600FECC9E /* ConversationViewController.swift */,
				FA4E398B2A6D3C4E00FECC9E /* ProfileViewController.swift */,
				FA8AEC1B2A72690D003EA5B8 /* ChatController.swift */,
			);
			path = Controllers;
			sourceTree = "<group>";
		};
		FA4E397D2A6D385300FECC9E /* Views */ = {
			isa = PBXGroup;
			children = (
				FA4E396E2A6D323600FECC9E /* Main.storyboard */,
				FA4E39732A6D323900FECC9E /* LaunchScreen.storyboard */,
				FA4E39712A6D323900FECC9E /* Assets.xcassets */,
				FA8AEC0A2A70FCFF003EA5B8 /* InputContainerView.swift */,
				FA8AEC0C2A710168003EA5B8 /* CustomTextField.swift */,
				FA8AEC152A72506D003EA5B8 /* UserCell.swift */,
				FA8AEC1D2A72711F003EA5B8 /* CustomInputAccessoryView.swift */,
				FA8AEC1F2A727F46003EA5B8 /* MessageCell.swift */,
				FA89F6F82A73D1BC00FB4442 /* ConversationCell.swift */,
				FA89F6FC2A73E08F00FB4442 /* ProfileHeader.swift */,
			);
			path = Views;
			sourceTree = "<group>";
		};
		FA4E397E2A6D385A00FECC9E /* Models */ = {
			isa = PBXGroup;
			children = (
				FA8AEC172A7254F6003EA5B8 /* User.swift */,
				FA8AEC212A728663003EA5B8 /* Message.swift */,
			);
			path = Models;
			sourceTree = "<group>";
		};
		FA4E397F2A6D386100FECC9E /* ViewModels */ = {
			isa = PBXGroup;
			children = (
				FA8AEC0E2A7125D3003EA5B8 /* LoginViewModel.swift */,
				FA8CCCD72A73683000ECB64E /* MessageViewModel.swift */,
				FA89F6FA2A73D91C00FB4442 /* ConversationViewModel.swift */,
			);
			path = ViewModels;
			sourceTree = "<group>";
		};
		FA4E39802A6D386F00FECC9E /* Resources */ = {
			isa = PBXGroup;
			children = (
				FA4E39682A6D323600FECC9E /* AppDelegate.swift */,
				FA4E396A2A6D323600FECC9E /* SceneDelegate.swift */,
				FA4E398E2A6E7C0000FECC9E /* Extensions.swift */,
				FA8CCCD92A73756A00ECB64E /* Constants.swift */,
			);
			path = Resources;
			sourceTree = "<group>";
		};
		FA4E398D2A6E744F00FECC9E /* Login */ = {
			isa = PBXGroup;
			children = (
				FA4E39812A6D3A3F00FECC9E /* LoginViewController.swift */,
				FA4E39832A6D3A7100FECC9E /* SignupViewController.swift */,
			);
			path = Login;
			sourceTree = "<group>";
		};
		FA8AEC102A721B16003EA5B8 /* API */ = {
			isa = PBXGroup;
			children = (
				FA8AEC112A721B2C003EA5B8 /* AuthService.swift */,
				FA8AEC192A725586003EA5B8 /* Service.swift */,
			);
			path = API;
			sourceTree = "<group>";
		};
/* End PBXGroup section */

/* Begin PBXNativeTarget section */
		FA4E39642A6D323600FECC9E /* ChatApp */ = {
			isa = PBXNativeTarget;
			buildConfigurationList = FA4E39792A6D323900FECC9E /* Build configuration list for PBXNativeTarget "ChatApp" */;
			buildPhases = (
				D5B333134C0AC1B8F681D26E /* [CP] Check Pods Manifest.lock */,
				FA4E39612A6D323600FECC9E /* Sources */,
				FA4E39622A6D323600FECC9E /* Frameworks */,
				FA4E39632A6D323600FECC9E /* Resources */,
				2B3DE0D7006AF8E902A47F33 /* [CP] Embed Pods Frameworks */,
			);
			buildRules = (
			);
			dependencies = (
			);
			name = ChatApp;
			productName = ChatApp;
			productReference = FA4E39652A6D323600FECC9E /* ChatApp.app */;
			productType = "com.apple.product-type.application";
		};
/* End PBXNativeTarget section */

/* Begin PBXProject section */
		FA4E395D2A6D323600FECC9E /* Project object */ = {
			isa = PBXProject;
			attributes = {
				BuildIndependentTargetsInParallel = 1;
				LastSwiftUpdateCheck = 1410;
				LastUpgradeCheck = 1410;
				TargetAttributes = {
					FA4E39642A6D323600FECC9E = {
						CreatedOnToolsVersion = 14.1;
					};
				};
			};
			buildConfigurationList = FA4E39602A6D323600FECC9E /* Build configuration list for PBXProject "ChatApp" */;
			compatibilityVersion = "Xcode 14.0";
			developmentRegion = en;
			hasScannedForEncodings = 0;
			knownRegions = (
				en,
				Base,
			);
			mainGroup = FA4E395C2A6D323600FECC9E;
			productRefGroup = FA4E39662A6D323600FECC9E /* Products */;
			projectDirPath = "";
			projectRoot = "";
			targets = (
				FA4E39642A6D323600FECC9E /* ChatApp */,
			);
		};
/* End PBXProject section */

/* Begin PBXResourcesBuildPhase section */
		FA4E39632A6D323600FECC9E /* Resources */ = {
			isa = PBXResourcesBuildPhase;
			buildActionMask = 2147483647;
			files = (
				FA4E39752A6D323900FECC9E /* LaunchScreen.storyboard in Resources */,
				FA4E39912A6FC21400FECC9E /* GoogleService-Info.plist in Resources */,
				FA4E39722A6D323900FECC9E /* Assets.xcassets in Resources */,
				FA4E39702A6D323600FECC9E /* Main.storyboard in Resources */,
			);
			runOnlyForDeploymentPostprocessing = 0;
		};
/* End PBXResourcesBuildPhase section */

/* Begin PBXShellScriptBuildPhase section */
		2B3DE0D7006AF8E902A47F33 /* [CP] Embed Pods Frameworks */ = {
			isa = PBXShellScriptBuildPhase;
			buildActionMask = 2147483647;
			files = (
			);
			inputFileListPaths = (
				"${PODS_ROOT}/Target Support Files/Pods-ChatApp/Pods-ChatApp-frameworks-${CONFIGURATION}-input-files.xcfilelist",
			);
			name = "[CP] Embed Pods Frameworks";
			outputFileListPaths = (
				"${PODS_ROOT}/Target Support Files/Pods-ChatApp/Pods-ChatApp-frameworks-${CONFIGURATION}-output-files.xcfilelist",
			);
			runOnlyForDeploymentPostprocessing = 0;
			shellPath = /bin/sh;
			shellScript = "\"${PODS_ROOT}/Target Support Files/Pods-ChatApp/Pods-ChatApp-frameworks.sh\"\n";
			showEnvVarsInLog = 0;
		};
		D5B333134C0AC1B8F681D26E /* [CP] Check Pods Manifest.lock */ = {
			isa = PBXShellScriptBuildPhase;
			buildActionMask = 2147483647;
			files = (
			);
			inputFileListPaths = (
			);
			inputPaths = (
				"${PODS_PODFILE_DIR_PATH}/Podfile.lock",
				"${PODS_ROOT}/Manifest.lock",
			);
			name = "[CP] Check Pods Manifest.lock";
			outputFileListPaths = (
			);
			outputPaths = (
				"$(DERIVED_FILE_DIR)/Pods-ChatApp-checkManifestLockResult.txt",
			);
			runOnlyForDeploymentPostprocessing = 0;
			shellPath = /bin/sh;
			shellScript = "diff \"${PODS_PODFILE_DIR_PATH}/Podfile.lock\" \"${PODS_ROOT}/Manifest.lock\" > /dev/null\nif [ $? != 0 ] ; then\n    # print error to STDERR\n    echo \"error: The sandbox is not in sync with the Podfile.lock. Run 'pod install' or update your CocoaPods installation.\" >&2\n    exit 1\nfi\n# This output is used by Xcode 'outputs' to avoid re-running this script phase.\necho \"SUCCESS\" > \"${SCRIPT_OUTPUT_FILE_0}\"\n";
			showEnvVarsInLog = 0;
		};
/* End PBXShellScriptBuildPhase section */

/* Begin PBXSourcesBuildPhase section */
		FA4E39612A6D323600FECC9E /* Sources */ = {
			isa = PBXSourcesBuildPhase;
			buildActionMask = 2147483647;
			files = (
				FA4E39822A6D3A3F00FECC9E /* LoginViewController.swift in Sources */,
				FA8AEC162A72506D003EA5B8 /* UserCell.swift in Sources */,
				FA8CCCD82A73683000ECB64E /* MessageViewModel.swift in Sources */,
				FA8AEC1A2A725586003EA5B8 /* Service.swift in Sources */,
				FA8AEC1C2A72690D003EA5B8 /* ChatController.swift in Sources */,
				FA4E396D2A6D323600FECC9E /* ConversationViewController.swift in Sources */,
				FA8AEC1E2A72711F003EA5B8 /* CustomInputAccessoryView.swift in Sources */,
				FA4E398A2A6D3C2500FECC9E /* NewConversationViewController.swift in Sources */,
				FA89F6FD2A73E08F00FB4442 /* ProfileHeader.swift in Sources */,
				FA8AEC222A728663003EA5B8 /* Message.swift in Sources */,
				FA4E39842A6D3A7100FECC9E /* SignupViewController.swift in Sources */,
				FA8AEC0B2A70FCFF003EA5B8 /* InputContainerView.swift in Sources */,
				FA8CCCDA2A73756A00ECB64E /* Constants.swift in Sources */,
				FA89F6F92A73D1BC00FB4442 /* ConversationCell.swift in Sources */,
				FA8AEC182A7254F6003EA5B8 /* User.swift in Sources */,
				FA4E398F2A6E7C0000FECC9E /* Extensions.swift in Sources */,
				FA4E39692A6D323600FECC9E /* AppDelegate.swift in Sources */,
				FA8AEC0F2A7125D3003EA5B8 /* LoginViewModel.swift in Sources */,
				FA8AEC0D2A710168003EA5B8 /* CustomTextField.swift in Sources */,
				FA4E398C2A6D3C4E00FECC9E /* ProfileViewController.swift in Sources */,
				FA4E396B2A6D323600FECC9E /* SceneDelegate.swift in Sources */,
				FA8AEC122A721B2C003EA5B8 /* AuthService.swift in Sources */,
				FA89F6FB2A73D91C00FB4442 /* ConversationViewModel.swift in Sources */,
				FA8AEC202A727F46003EA5B8 /* MessageCell.swift in Sources */,
			);
			runOnlyForDeploymentPostprocessing = 0;
		};
/* End PBXSourcesBuildPhase section */

/* Begin PBXVariantGroup section */
		FA4E396E2A6D323600FECC9E /* Main.storyboard */ = {
			isa = PBXVariantGroup;
			children = (
				FA4E396F2A6D323600FECC9E /* Base */,
			);
			name = Main.storyboard;
			sourceTree = "<group>";
		};
		FA4E39732A6D323900FECC9E /* LaunchScreen.storyboard */ = {
			isa = PBXVariantGroup;
			children = (
				FA4E39742A6D323900FECC9E /* Base */,
			);
			name = LaunchScreen.storyboard;
			sourceTree = "<group>";
		};
/* End PBXVariantGroup section */

/* Begin XCBuildConfiguration section */
		FA4E39772A6D323900FECC9E /* Debug */ = {
			isa = XCBuildConfiguration;
			buildSettings = {
				ALWAYS_SEARCH_USER_PATHS = NO;
				CLANG_ANALYZER_NONNULL = YES;
				CLANG_ANALYZER_NUMBER_OBJECT_CONVERSION = YES_AGGRESSIVE;
				CLANG_CXX_LANGUAGE_STANDARD = "gnu++20";
				CLANG_ENABLE_MODULES = YES;
				CLANG_ENABLE_OBJC_ARC = YES;
				CLANG_ENABLE_OBJC_WEAK = YES;
				CLANG_WARN_BLOCK_CAPTURE_AUTORELEASING = YES;
				CLANG_WARN_BOOL_CONVERSION = YES;
				CLANG_WARN_COMMA = YES;
				CLANG_WARN_CONSTANT_CONVERSION = YES;
				CLANG_WARN_DEPRECATED_OBJC_IMPLEMENTATIONS = YES;
				CLANG_WARN_DIRECT_OBJC_ISA_USAGE = YES_ERROR;
				CLANG_WARN_DOCUMENTATION_COMMENTS = YES;
				CLANG_WARN_EMPTY_BODY = YES;
				CLANG_WARN_ENUM_CONVERSION = YES;
				CLANG_WARN_INFINITE_RECURSION = YES;
				CLANG_WARN_INT_CONVERSION = YES;
				CLANG_WARN_NON_LITERAL_NULL_CONVERSION = YES;
				CLANG_WARN_OBJC_IMPLICIT_RETAIN_SELF = YES;
				CLANG_WARN_OBJC_LITERAL_CONVERSION = YES;
				CLANG_WARN_OBJC_ROOT_CLASS = YES_ERROR;
				CLANG_WARN_QUOTED_INCLUDE_IN_FRAMEWORK_HEADER = YES;
				CLANG_WARN_RANGE_LOOP_ANALYSIS = YES;
				CLANG_WARN_STRICT_PROTOTYPES = YES;
				CLANG_WARN_SUSPICIOUS_MOVE = YES;
				CLANG_WARN_UNGUARDED_AVAILABILITY = YES_AGGRESSIVE;
				CLANG_WARN_UNREACHABLE_CODE = YES;
				CLANG_WARN__DUPLICATE_METHOD_MATCH = YES;
				COPY_PHASE_STRIP = NO;
				DEBUG_INFORMATION_FORMAT = dwarf;
				ENABLE_STRICT_OBJC_MSGSEND = YES;
				ENABLE_TESTABILITY = YES;
				GCC_C_LANGUAGE_STANDARD = gnu11;
				GCC_DYNAMIC_NO_PIC = NO;
				GCC_NO_COMMON_BLOCKS = YES;
				GCC_OPTIMIZATION_LEVEL = 0;
				GCC_PREPROCESSOR_DEFINITIONS = (
					"DEBUG=1",
					"$(inherited)",
				);
				GCC_WARN_64_TO_32_BIT_CONVERSION = YES;
				GCC_WARN_ABOUT_RETURN_TYPE = YES_ERROR;
				GCC_WARN_UNDECLARED_SELECTOR = YES;
				GCC_WARN_UNINITIALIZED_AUTOS = YES_AGGRESSIVE;
				GCC_WARN_UNUSED_FUNCTION = YES;
				GCC_WARN_UNUSED_VARIABLE = YES;
				IPHONEOS_DEPLOYMENT_TARGET = 16.1;
				MTL_ENABLE_DEBUG_INFO = INCLUDE_SOURCE;
				MTL_FAST_MATH = YES;
				ONLY_ACTIVE_ARCH = YES;
				SDKROOT = iphoneos;
				SWIFT_ACTIVE_COMPILATION_CONDITIONS = DEBUG;
				SWIFT_OPTIMIZATION_LEVEL = "-Onone";
			};
			name = Debug;
		};
		FA4E39782A6D323900FECC9E /* Release */ = {
			isa = XCBuildConfiguration;
			buildSettings = {
				ALWAYS_SEARCH_USER_PATHS = NO;
				CLANG_ANALYZER_NONNULL = YES;
				CLANG_ANALYZER_NUMBER_OBJECT_CONVERSION = YES_AGGRESSIVE;
				CLANG_CXX_LANGUAGE_STANDARD = "gnu++20";
				CLANG_ENABLE_MODULES = YES;
				CLANG_ENABLE_OBJC_ARC = YES;
				CLANG_ENABLE_OBJC_WEAK = YES;
				CLANG_WARN_BLOCK_CAPTURE_AUTORELEASING = YES;
				CLANG_WARN_BOOL_CONVERSION = YES;
				CLANG_WARN_COMMA = YES;
				CLANG_WARN_CONSTANT_CONVERSION = YES;
				CLANG_WARN_DEPRECATED_OBJC_IMPLEMENTATIONS = YES;
				CLANG_WARN_DIRECT_OBJC_ISA_USAGE = YES_ERROR;
				CLANG_WARN_DOCUMENTATION_COMMENTS = YES;
				CLANG_WARN_EMPTY_BODY = YES;
				CLANG_WARN_ENUM_CONVERSION = YES;
				CLANG_WARN_INFINITE_RECURSION = YES;
				CLANG_WARN_INT_CONVERSION = YES;
				CLANG_WARN_NON_LITERAL_NULL_CONVERSION = YES;
				CLANG_WARN_OBJC_IMPLICIT_RETAIN_SELF = YES;
				CLANG_WARN_OBJC_LITERAL_CONVERSION = YES;
				CLANG_WARN_OBJC_ROOT_CLASS = YES_ERROR;
				CLANG_WARN_QUOTED_INCLUDE_IN_FRAMEWORK_HEADER = YES;
				CLANG_WARN_RANGE_LOOP_ANALYSIS = YES;
				CLANG_WARN_STRICT_PROTOTYPES = YES;
				CLANG_WARN_SUSPICIOUS_MOVE = YES;
				CLANG_WARN_UNGUARDED_AVAILABILITY = YES_AGGRESSIVE;
				CLANG_WARN_UNREACHABLE_CODE = YES;
				CLANG_WARN__DUPLICATE_METHOD_MATCH = YES;
				COPY_PHASE_STRIP = NO;
				DEBUG_INFORMATION_FORMAT = "dwarf-with-dsym";
				ENABLE_NS_ASSERTIONS = NO;
				ENABLE_STRICT_OBJC_MSGSEND = YES;
				GCC_C_LANGUAGE_STANDARD = gnu11;
				GCC_NO_COMMON_BLOCKS = YES;
				GCC_WARN_64_TO_32_BIT_CONVERSION = YES;
				GCC_WARN_ABOUT_RETURN_TYPE = YES_ERROR;
				GCC_WARN_UNDECLARED_SELECTOR = YES;
				GCC_WARN_UNINITIALIZED_AUTOS = YES_AGGRESSIVE;
				GCC_WARN_UNUSED_FUNCTION = YES;
				GCC_WARN_UNUSED_VARIABLE = YES;
				IPHONEOS_DEPLOYMENT_TARGET = 16.1;
				MTL_ENABLE_DEBUG_INFO = NO;
				MTL_FAST_MATH = YES;
				SDKROOT = iphoneos;
				SWIFT_COMPILATION_MODE = wholemodule;
				SWIFT_OPTIMIZATION_LEVEL = "-O";
				VALIDATE_PRODUCT = YES;
			};
			name = Release;
		};
		FA4E397A2A6D323900FECC9E /* Debug */ = {
			isa = XCBuildConfiguration;
			baseConfigurationReference = C5BE70FE6D229CBB19C86F6E /* Pods-ChatApp.debug.xcconfig */;
			buildSettings = {
				ASSETCATALOG_COMPILER_APPICON_NAME = AppIcon;
				ASSETCATALOG_COMPILER_GLOBAL_ACCENT_COLOR_NAME = AccentColor;
				CODE_SIGN_STYLE = Automatic;
				CURRENT_PROJECT_VERSION = 1;
				GENERATE_INFOPLIST_FILE = YES;
				INFOPLIST_FILE = ChatApp/Info.plist;
				INFOPLIST_KEY_UIApplicationSupportsIndirectInputEvents = YES;
				INFOPLIST_KEY_UILaunchStoryboardName = LaunchScreen;
				INFOPLIST_KEY_UIMainStoryboardFile = Main;
				INFOPLIST_KEY_UISupportedInterfaceOrientations = UIInterfaceOrientationPortrait;
				INFOPLIST_KEY_UISupportedInterfaceOrientations_iPad = "UIInterfaceOrientationLandscapeLeft UIInterfaceOrientationLandscapeRight UIInterfaceOrientationPortrait UIInterfaceOrientationPortraitUpsideDown";
				LD_RUNPATH_SEARCH_PATHS = (
					"$(inherited)",
					"@executable_path/Frameworks",
				);
				MARKETING_VERSION = 1.0;
				PRODUCT_BUNDLE_IDENTIFIER = com.bridgelabz.ChatApp;
				PRODUCT_NAME = "$(TARGET_NAME)";
				SWIFT_EMIT_LOC_STRINGS = YES;
				SWIFT_VERSION = 5.0;
				TARGETED_DEVICE_FAMILY = "1,2";
			};
			name = Debug;
		};
		FA4E397B2A6D323900FECC9E /* Release */ = {
			isa = XCBuildConfiguration;
			baseConfigurationReference = 6DC4D133E93237DB920AC984 /* Pods-ChatApp.release.xcconfig */;
			buildSettings = {
				ASSETCATALOG_COMPILER_APPICON_NAME = AppIcon;
				ASSETCATALOG_COMPILER_GLOBAL_ACCENT_COLOR_NAME = AccentColor;
				CODE_SIGN_STYLE = Automatic;
				CURRENT_PROJECT_VERSION = 1;
				GENERATE_INFOPLIST_FILE = YES;
				INFOPLIST_FILE = ChatApp/Info.plist;
				INFOPLIST_KEY_UIApplicationSupportsIndirectInputEvents = YES;
				INFOPLIST_KEY_UILaunchStoryboardName = LaunchScreen;
				INFOPLIST_KEY_UIMainStoryboardFile = Main;
				INFOPLIST_KEY_UISupportedInterfaceOrientations = UIInterfaceOrientationPortrait;
				INFOPLIST_KEY_UISupportedInterfaceOrientations_iPad = "UIInterfaceOrientationLandscapeLeft UIInterfaceOrientationLandscapeRight UIInterfaceOrientationPortrait UIInterfaceOrientationPortraitUpsideDown";
				LD_RUNPATH_SEARCH_PATHS = (
					"$(inherited)",
					"@executable_path/Frameworks",
				);
				MARKETING_VERSION = 1.0;
				PRODUCT_BUNDLE_IDENTIFIER = com.bridgelabz.ChatApp;
				PRODUCT_NAME = "$(TARGET_NAME)";
				SWIFT_EMIT_LOC_STRINGS = YES;
				SWIFT_VERSION = 5.0;
				TARGETED_DEVICE_FAMILY = "1,2";
			};
			name = Release;
		};
/* End XCBuildConfiguration section */

/* Begin XCConfigurationList section */
		FA4E39602A6D323600FECC9E /* Build configuration list for PBXProject "ChatApp" */ = {
			isa = XCConfigurationList;
			buildConfigurations = (
				FA4E39772A6D323900FECC9E /* Debug */,
				FA4E39782A6D323900FECC9E /* Release */,
			);
			defaultConfigurationIsVisible = 0;
			defaultConfigurationName = Release;
		};
		FA4E39792A6D323900FECC9E /* Build configuration list for PBXNativeTarget "ChatApp" */ = {
			isa = XCConfigurationList;
			buildConfigurations = (
				FA4E397A2A6D323900FECC9E /* Debug */,
				FA4E397B2A6D323900FECC9E /* Release */,
			);
			defaultConfigurationIsVisible = 0;
			defaultConfigurationName = Release;
		};
/* End XCConfigurationList section */
	};
	rootObject = FA4E395D2A6D323600FECC9E /* Project object */;
}
